
Microsoft Visual Studio Solution File, Format Version 12.00
# Visual Studio Version 17
VisualStudioVersion = 17.5.2.0
MinimumVisualStudioVersion = 10.0.40219.1
Project("{FAE04EC0-301F-11D3-BF4B-00C04F79EFBC}") = "Asionyx.Ui.Winforms", "Asionyx.Ui.Winforms\Asionyx.Ui.Winforms.csproj", "{5BF33B02-7C0B-0EFB-DA23-4FE2C369DD17}"
EndProject
Project("{FAE04EC0-301F-11D3-BF4B-00C04F79EFBC}") = "Asionyx.Service", "Asionyx.Service\Asionyx.Service.csproj", "{673CC007-7BFA-0382-F4E9-3C7A766B644D}"
EndProject
Project("{FAE04EC0-301F-11D3-BF4B-00C04F79EFBC}") = "Asionyx.Library.Asio", "Asionyx.Library.Asio\Asionyx.Library.Asio.csproj", "{AD86C3D2-B31F-A362-6C9B-C5E0CFAA973E}"
EndProject
Project("{FAE04EC0-301F-11D3-BF4B-00C04F79EFBC}") = "Asionyx.Library.Spectrum.Tests", "Asionyx.Library.Spectrum.Tests\Asionyx.Library.Spectrum.Tests.csproj", "{4C2021D6-438F-2754-4E6B-9FA41AB43201}"
EndProject
Project("{FAE04EC0-301F-11D3-BF4B-00C04F79EFBC}") = "Asionyx.Library.Spectrum", "Asionyx.Library.Spectrum\Asionyx.Library.Spectrum.csproj", "{C3776533-965D-DB7A-D415-C8683B97C3DE}"
EndProject
Project("{FAE04EC0-301F-11D3-BF4B-00C04F79EFBC}") = "Asionyx.Ui.Winforms.Tests", "Asionyx.Ui.Winforms.Tests\Asionyx.Ui.Winforms.Tests.csproj", "{C546311D-EC56-DDB8-5C45-39F7A2ABDB20}"
EndProject
Project("{FAE04EC0-301F-11D3-BF4B-00C04F79EFBC}") = "Asionyx.Library.Asio.Tests", "Asionyx.Library.Asio.Tests\Asionyx.Library.Asio.Tests.csproj", "{EB6567CD-DB98-FB47-D02E-A895FEFDDA6C}"
EndProject
Project("{FAE04EC0-301F-11D3-BF4B-00C04F79EFBC}") = "Asionyx.Library.Core", "Asionyx.Library.Core\Asionyx.Library.Core.csproj", "{5EA4E068-5161-4336-9056-94192FFCABE0}"
EndProject
Project("{2150E333-8FDC-42A3-9474-1A3956D46DE8}") = "Tests", "Tests", "{02EA681E-C7D8-13C7-8484-4AC65E1B71E8}"
EndProject
Project("{FAE04EC0-301F-11D3-BF4B-00C04F79EFBC}") = "Asionyx.Library.Core.Tests", "Asionyx.Library.Core.Tests\Asionyx.Library.Core.Tests.csproj", "{5EDD22D2-5206-4329-B999-73AAA01A4AF0}"
EndProject
Project("{FAE04EC0-301F-11D3-BF4B-00C04F79EFBC}") = "Asionyx.Audio.Core", "Asionyx.Audio.Core\Asionyx.Audio.Core.csproj", "{73BA0D66-897E-4BED-9663-C2B1271FB108}"
EndProject
Global
	GlobalSection(SolutionConfigurationPlatforms) = preSolution
		Debug|Any CPU = Debug|Any CPU
		Debug|x64 = Debug|x64
		Debug|x86 = Debug|x86
		Release|Any CPU = Release|Any CPU
		Release|x64 = Release|x64
		Release|x86 = Release|x86
	EndGlobalSection
	GlobalSection(ProjectConfigurationPlatforms) = postSolution
		{5BF33B02-7C0B-0EFB-DA23-4FE2C369DD17}.Debug|Any CPU.ActiveCfg = Debug|Any CPU
		{5BF33B02-7C0B-0EFB-DA23-4FE2C369DD17}.Debug|Any CPU.Build.0 = Debug|Any CPU
		{5BF33B02-7C0B-0EFB-DA23-4FE2C369DD17}.Debug|x64.ActiveCfg = Debug|Any CPU
		{5BF33B02-7C0B-0EFB-DA23-4FE2C369DD17}.Debug|x64.Build.0 = Debug|Any CPU
		{5BF33B02-7C0B-0EFB-DA23-4FE2C369DD17}.Debug|x86.ActiveCfg = Debug|Any CPU
		{5BF33B02-7C0B-0EFB-DA23-4FE2C369DD17}.Debug|x86.Build.0 = Debug|Any CPU
		{5BF33B02-7C0B-0EFB-DA23-4FE2C369DD17}.Release|Any CPU.ActiveCfg = Release|Any CPU
		{5BF33B02-7C0B-0EFB-DA23-4FE2C369DD17}.Release|Any CPU.Build.0 = Release|Any CPU
		{5BF33B02-7C0B-0EFB-DA23-4FE2C369DD17}.Release|x64.ActiveCfg = Release|Any CPU
		{5BF33B02-7C0B-0EFB-DA23-4FE2C369DD17}.Release|x64.Build.0 = Release|Any CPU
		{5BF33B02-7C0B-0EFB-DA23-4FE2C369DD17}.Release|x86.ActiveCfg = Release|Any CPU
		{5BF33B02-7C0B-0EFB-DA23-4FE2C369DD17}.Release|x86.Build.0 = Release|Any CPU
		{673CC007-7BFA-0382-F4E9-3C7A766B644D}.Debug|Any CPU.ActiveCfg = Debug|Any CPU
		{673CC007-7BFA-0382-F4E9-3C7A766B644D}.Debug|Any CPU.Build.0 = Debug|Any CPU
		{673CC007-7BFA-0382-F4E9-3C7A766B644D}.Debug|x64.ActiveCfg = Debug|Any CPU
		{673CC007-7BFA-0382-F4E9-3C7A766B644D}.Debug|x64.Build.0 = Debug|Any CPU
		{673CC007-7BFA-0382-F4E9-3C7A766B644D}.Debug|x86.ActiveCfg = Debug|Any CPU
		{673CC007-7BFA-0382-F4E9-3C7A766B644D}.Debug|x86.Build.0 = Debug|Any CPU
		{673CC007-7BFA-0382-F4E9-3C7A766B644D}.Release|Any CPU.ActiveCfg = Release|Any CPU
		{673CC007-7BFA-0382-F4E9-3C7A766B644D}.Release|Any CPU.Build.0 = Release|Any CPU
		{673CC007-7BFA-0382-F4E9-3C7A766B644D}.Release|x64.ActiveCfg = Release|Any CPU
		{673CC007-7BFA-0382-F4E9-3C7A766B644D}.Release|x64.Build.0 = Release|Any CPU
		{673CC007-7BFA-0382-F4E9-3C7A766B644D}.Release|x86.ActiveCfg = Release|Any CPU
		{673CC007-7BFA-0382-F4E9-3C7A766B644D}.Release|x86.Build.0 = Release|Any CPU
		{AD86C3D2-B31F-A362-6C9B-C5E0CFAA973E}.Debug|Any CPU.ActiveCfg = Debug|Any CPU
		{AD86C3D2-B31F-A362-6C9B-C5E0CFAA973E}.Debug|Any CPU.Build.0 = Debug|Any CPU
		{AD86C3D2-B31F-A362-6C9B-C5E0CFAA973E}.Debug|x64.ActiveCfg = Debug|Any CPU
		{AD86C3D2-B31F-A362-6C9B-C5E0CFAA973E}.Debug|x64.Build.0 = Debug|Any CPU
		{AD86C3D2-B31F-A362-6C9B-C5E0CFAA973E}.Debug|x86.ActiveCfg = Debug|Any CPU
		{AD86C3D2-B31F-A362-6C9B-C5E0CFAA973E}.Debug|x86.Build.0 = Debug|Any CPU
		{AD86C3D2-B31F-A362-6C9B-C5E0CFAA973E}.Release|Any CPU.ActiveCfg = Release|Any CPU
		{AD86C3D2-B31F-A362-6C9B-C5E0CFAA973E}.Release|Any CPU.Build.0 = Release|Any CPU
		{AD86C3D2-B31F-A362-6C9B-C5E0CFAA973E}.Release|x64.ActiveCfg = Release|Any CPU
		{AD86C3D2-B31F-A362-6C9B-C5E0CFAA973E}.Release|x64.Build.0 = Release|Any CPU
		{AD86C3D2-B31F-A362-6C9B-C5E0CFAA973E}.Release|x86.ActiveCfg = Release|Any CPU
		{AD86C3D2-B31F-A362-6C9B-C5E0CFAA973E}.Release|x86.Build.0 = Release|Any CPU
		{4C2021D6-438F-2754-4E6B-9FA41AB43201}.Debug|Any CPU.ActiveCfg = Debug|Any CPU
		{4C2021D6-438F-2754-4E6B-9FA41AB43201}.Debug|Any CPU.Build.0 = Debug|Any CPU
		{4C2021D6-438F-2754-4E6B-9FA41AB43201}.Debug|x64.ActiveCfg = Debug|Any CPU
		{4C2021D6-438F-2754-4E6B-9FA41AB43201}.Debug|x64.Build.0 = Debug|Any CPU
		{4C2021D6-438F-2754-4E6B-9FA41AB43201}.Debug|x86.ActiveCfg = Debug|Any CPU
		{4C2021D6-438F-2754-4E6B-9FA41AB43201}.Debug|x86.Build.0 = Debug|Any CPU
		{4C2021D6-438F-2754-4E6B-9FA41AB43201}.Release|Any CPU.ActiveCfg = Release|Any CPU
		{4C2021D6-438F-2754-4E6B-9FA41AB43201}.Release|Any CPU.Build.0 = Release|Any CPU
		{4C2021D6-438F-2754-4E6B-9FA41AB43201}.Release|x64.ActiveCfg = Release|Any CPU
		{4C2021D6-438F-2754-4E6B-9FA41AB43201}.Release|x64.Build.0 = Release|Any CPU
		{4C2021D6-438F-2754-4E6B-9FA41AB43201}.Release|x86.ActiveCfg = Release|Any CPU
		{4C2021D6-438F-2754-4E6B-9FA41AB43201}.Release|x86.Build.0 = Release|Any CPU
		{C3776533-965D-DB7A-D415-C8683B97C3DE}.Debug|Any CPU.ActiveCfg = Debug|Any CPU
		{C3776533-965D-DB7A-D415-C8683B97C3DE}.Debug|Any CPU.Build.0 = Debug|Any CPU
		{C3776533-965D-DB7A-D415-C8683B97C3DE}.Debug|x64.ActiveCfg = Debug|Any CPU
		{C3776533-965D-DB7A-D415-C8683B97C3DE}.Debug|x64.Build.0 = Debug|Any CPU
		{C3776533-965D-DB7A-D415-C8683B97C3DE}.Debug|x86.ActiveCfg = Debug|Any CPU
		{C3776533-965D-DB7A-D415-C8683B97C3DE}.Debug|x86.Build.0 = Debug|Any CPU
		{C3776533-965D-DB7A-D415-C8683B97C3DE}.Release|Any CPU.ActiveCfg = Release|Any CPU
		{C3776533-965D-DB7A-D415-C8683B97C3DE}.Release|Any CPU.Build.0 = Release|Any CPU
		{C3776533-965D-DB7A-D415-C8683B97C3DE}.Release|x64.ActiveCfg = Release|Any CPU
		{C3776533-965D-DB7A-D415-C8683B97C3DE}.Release|x64.Build.0 = Release|Any CPU
		{C3776533-965D-DB7A-D415-C8683B97C3DE}.Release|x86.ActiveCfg = Release|Any CPU
		{C3776533-965D-DB7A-D415-C8683B97C3DE}.Release|x86.Build.0 = Release|Any CPU
		{C546311D-EC56-DDB8-5C45-39F7A2ABDB20}.Debug|Any CPU.ActiveCfg = Debug|Any CPU
		{C546311D-EC56-DDB8-5C45-39F7A2ABDB20}.Debug|Any CPU.Build.0 = Debug|Any CPU
		{C546311D-EC56-DDB8-5C45-39F7A2ABDB20}.Debug|x64.ActiveCfg = Debug|Any CPU
		{C546311D-EC56-DDB8-5C45-39F7A2ABDB20}.Debug|x64.Build.0 = Debug|Any CPU
		{C546311D-EC56-DDB8-5C45-39F7A2ABDB20}.Debug|x86.ActiveCfg = Debug|Any CPU
		{C546311D-EC56-DDB8-5C45-39F7A2ABDB20}.Debug|x86.Build.0 = Debug|Any CPU
		{C546311D-EC56-DDB8-5C45-39F7A2ABDB20}.Release|Any CPU.ActiveCfg = Release|Any CPU
		{C546311D-EC56-DDB8-5C45-39F7A2ABDB20}.Release|Any CPU.Build.0 = Release|Any CPU
		{C546311D-EC56-DDB8-5C45-39F7A2ABDB20}.Release|x64.ActiveCfg = Release|Any CPU
		{C546311D-EC56-DDB8-5C45-39F7A2ABDB20}.Release|x64.Build.0 = Release|Any CPU
		{C546311D-EC56-DDB8-5C45-39F7A2ABDB20}.Release|x86.ActiveCfg = Release|Any CPU
		{C546311D-EC56-DDB8-5C45-39F7A2ABDB20}.Release|x86.Build.0 = Release|Any CPU
		{EB6567CD-DB98-FB47-D02E-A895FEFDDA6C}.Debug|Any CPU.ActiveCfg = Debug|Any CPU
		{EB6567CD-DB98-FB47-D02E-A895FEFDDA6C}.Debug|Any CPU.Build.0 = Debug|Any CPU
		{EB6567CD-DB98-FB47-D02E-A895FEFDDA6C}.Debug|x64.ActiveCfg = Debug|Any CPU
		{EB6567CD-DB98-FB47-D02E-A895FEFDDA6C}.Debug|x64.Build.0 = Debug|Any CPU
		{EB6567CD-DB98-FB47-D02E-A895FEFDDA6C}.Debug|x86.ActiveCfg = Debug|Any CPU
		{EB6567CD-DB98-FB47-D02E-A895FEFDDA6C}.Debug|x86.Build.0 = Debug|Any CPU
		{EB6567CD-DB98-FB47-D02E-A895FEFDDA6C}.Release|Any CPU.ActiveCfg = Release|Any CPU
		{EB6567CD-DB98-FB47-D02E-A895FEFDDA6C}.Release|Any CPU.Build.0 = Release|Any CPU
		{EB6567CD-DB98-FB47-D02E-A895FEFDDA6C}.Release|x64.ActiveCfg = Release|Any CPU
		{EB6567CD-DB98-FB47-D02E-A895FEFDDA6C}.Release|x64.Build.0 = Release|Any CPU
		{EB6567CD-DB98-FB47-D02E-A895FEFDDA6C}.Release|x86.ActiveCfg = Release|Any CPU
		{EB6567CD-DB98-FB47-D02E-A895FEFDDA6C}.Release|x86.Build.0 = Release|Any CPU
		{5EA4E068-5161-4336-9056-94192FFCABE0}.Debug|Any CPU.ActiveCfg = Debug|Any CPU
		{5EA4E068-5161-4336-9056-94192FFCABE0}.Debug|Any CPU.Build.0 = Debug|Any CPU
		{5EA4E068-5161-4336-9056-94192FFCABE0}.Debug|x64.ActiveCfg = Debug|Any CPU
		{5EA4E068-5161-4336-9056-94192FFCABE0}.Debug|x64.Build.0 = Debug|Any CPU
		{5EA4E068-5161-4336-9056-94192FFCABE0}.Debug|x86.ActiveCfg = Debug|Any CPU
		{5EA4E068-5161-4336-9056-94192FFCABE0}.Debug|x86.Build.0 = Debug|Any CPU
		{5EA4E068-5161-4336-9056-94192FFCABE0}.Release|Any CPU.ActiveCfg = Release|Any CPU
		{5EA4E068-5161-4336-9056-94192FFCABE0}.Release|Any CPU.Build.0 = Release|Any CPU
		{5EA4E068-5161-4336-9056-94192FFCABE0}.Release|x64.ActiveCfg = Release|Any CPU
		{5EA4E068-5161-4336-9056-94192FFCABE0}.Release|x64.Build.0 = Release|Any CPU
		{5EA4E068-5161-4336-9056-94192FFCABE0}.Release|x86.ActiveCfg = Release|Any CPU
		{5EA4E068-5161-4336-9056-94192FFCABE0}.Release|x86.Build.0 = Release|Any CPU
		{5EDD22D2-5206-4329-B999-73AAA01A4AF0}.Debug|Any CPU.ActiveCfg = Debug|Any CPU
		{5EDD22D2-5206-4329-B999-73AAA01A4AF0}.Debug|Any CPU.Build.0 = Debug|Any CPU
		{5EDD22D2-5206-4329-B999-73AAA01A4AF0}.Debug|x64.ActiveCfg = Debug|Any CPU
		{5EDD22D2-5206-4329-B999-73AAA01A4AF0}.Debug|x64.Build.0 = Debug|Any CPU
		{5EDD22D2-5206-4329-B999-73AAA01A4AF0}.Debug|x86.ActiveCfg = Debug|Any CPU
		{5EDD22D2-5206-4329-B999-73AAA01A4AF0}.Debug|x86.Build.0 = Debug|Any CPU
		{5EDD22D2-5206-4329-B999-73AAA01A4AF0}.Release|Any CPU.ActiveCfg = Release|Any CPU
		{5EDD22D2-5206-4329-B999-73AAA01A4AF0}.Release|Any CPU.Build.0 = Release|Any CPU
		{5EDD22D2-5206-4329-B999-73AAA01A4AF0}.Release|x64.ActiveCfg = Release|Any CPU
		{5EDD22D2-5206-4329-B999-73AAA01A4AF0}.Release|x64.Build.0 = Release|Any CPU
		{5EDD22D2-5206-4329-B999-73AAA01A4AF0}.Release|x86.ActiveCfg = Release|Any CPU
		{5EDD22D2-5206-4329-B999-73AAA01A4AF0}.Release|x86.Build.0 = Release|Any CPU
		{73BA0D66-897E-4BED-9663-C2B1271FB108}.Debug|Any CPU.ActiveCfg = Debug|Any CPU
		{73BA0D66-897E-4BED-9663-C2B1271FB108}.Debug|Any CPU.Build.0 = Debug|Any CPU
		{73BA0D66-897E-4BED-9663-C2B1271FB108}.Debug|x64.ActiveCfg = Debug|Any CPU
		{73BA0D66-897E-4BED-9663-C2B1271FB108}.Debug|x64.Build.0 = Debug|Any CPU
		{73BA0D66-897E-4BED-9663-C2B1271FB108}.Debug|x86.ActiveCfg = Debug|Any CPU
		{73BA0D66-897E-4BED-9663-C2B1271FB108}.Debug|x86.Build.0 = Debug|Any CPU
		{73BA0D66-897E-4BED-9663-C2B1271FB108}.Release|Any CPU.ActiveCfg = Release|Any CPU
		{73BA0D66-897E-4BED-9663-C2B1271FB108}.Release|Any CPU.Build.0 = Release|Any CPU
		{73BA0D66-897E-4BED-9663-C2B1271FB108}.Release|x64.ActiveCfg = Release|Any CPU
		{73BA0D66-897E-4BED-9663-C2B1271FB108}.Release|x64.Build.0 = Release|Any CPU
		{73BA0D66-897E-4BED-9663-C2B1271FB108}.Release|x86.ActiveCfg = Release|Any CPU
		{73BA0D66-897E-4BED-9663-C2B1271FB108}.Release|x86.Build.0 = Release|Any CPU
	EndGlobalSection
	GlobalSection(SolutionProperties) = preSolution
		HideSolutionNode = FALSE
	EndGlobalSection
	GlobalSection(NestedProjects) = preSolution
		{4C2021D6-438F-2754-4E6B-9FA41AB43201} = {02EA681E-C7D8-13C7-8484-4AC65E1B71E8}
		{C546311D-EC56-DDB8-5C45-39F7A2ABDB20} = {02EA681E-C7D8-13C7-8484-4AC65E1B71E8}
		{EB6567CD-DB98-FB47-D02E-A895FEFDDA6C} = {02EA681E-C7D8-13C7-8484-4AC65E1B71E8}
		{5EDD22D2-5206-4329-B999-73AAA01A4AF0} = {02EA681E-C7D8-13C7-8484-4AC65E1B71E8}
	EndGlobalSection
	GlobalSection(ExtensibilityGlobals) = postSolution
		SolutionGuid = {93E04009-7CD1-4ECE-893F-EF0F86377922}
	EndGlobalSection
EndGlobal
